
Microsoft Visual Studio Solution File, Format Version 12.00
# Visual Studio Version 17
VisualStudioVersion = 17.2.32602.215
MinimumVisualStudioVersion = 10.0.40219.1
Project("{FAE04EC0-301F-11D3-BF4B-00C04F79EFBC}") = "HelloWorld", "HelloWorld\HelloWorld.csproj", "{79140B5E-6106-48D2-94EF-7C8E16B1E110}"
EndProject
Global
	GlobalSection(SolutionConfigurationPlatforms) = preSolution
		Debug|Any CPU = Debug|Any CPU
		Release|Any CPU = Release|Any CPU
	EndGlobalSection
	GlobalSection(ProjectConfigurationPlatforms) = postSolution
		{79140B5E-6106-48D2-94EF-7C8E16B1E110}.Debug|Any CPU.ActiveCfg = Debug|Any CPU
		{79140B5E-6106-48D2-94EF-7C8E16B1E110}.Debug|Any CPU.Build.0 = Debug|Any CPU
		{79140B5E-6106-48D2-94EF-7C8E16B1E110}.Release|Any CPU.ActiveCfg = Release|Any CPU
		{79140B5E-6106-48D2-94EF-7C8E16B1E110}.Release|Any CPU.Build.0 = Release|Any CPU
	EndGlobalSection
	GlobalSection(SolutionProperties) = preSolution
		HideSolutionNode = FALSE
	EndGlobalSection
	GlobalSection(ExtensibilityGlobals) = postSolution
		SolutionGuid = {D9A3870E-5445-4C8C-A6DB-4C7BF9BE9FA4}
	EndGlobalSection
EndGlobal
